
Microsoft Visual Studio Solution File, Format Version 12.00
# Visual Studio 2013
VisualStudioVersion = 12.0.30723.0
MinimumVisualStudioVersion = 10.0.40219.1
Project("{FAE04EC0-301F-11D3-BF4B-00C04F79EFBC}") = "ModelBinder", "ModelBinder\ModelBinder.csproj", "{8AD81B7D-7550-4122-9ED5-ED090B02DF7F}"
EndProject
Global
	GlobalSection(SolutionConfigurationPlatforms) = preSolution
		Debug|Any CPU = Debug|Any CPU
		Release|Any CPU = Release|Any CPU
	EndGlobalSection
	GlobalSection(ProjectConfigurationPlatforms) = postSolution
		{8AD81B7D-7550-4122-9ED5-ED090B02DF7F}.Debug|Any CPU.ActiveCfg = Debug|Any CPU
		{8AD81B7D-7550-4122-9ED5-ED090B02DF7F}.Debug|Any CPU.Build.0 = Debug|Any CPU
		{8AD81B7D-7550-4122-9ED5-ED090B02DF7F}.Release|Any CPU.ActiveCfg = Release|Any CPU
		{8AD81B7D-7550-4122-9ED5-ED090B02DF7F}.Release|Any CPU.Build.0 = Release|Any CPU
	EndGlobalSection
	GlobalSection(SolutionProperties) = preSolution
		HideSolutionNode = FALSE
	EndGlobalSection
EndGlobal
